
Microsoft Visual Studio Solution File, Format Version 12.00
# Visual Studio Version 17
VisualStudioVersion = 17.6.33829.357
MinimumVisualStudioVersion = 10.0.40219.1
Project("{FAE04EC0-301F-11D3-BF4B-00C04F79EFBC}") = "Test4", "Test4.csproj", "{5A02CF92-8727-41BD-86BD-BEA45AB473D7}"
EndProject
Global
	GlobalSection(SolutionConfigurationPlatforms) = preSolution
		Debug|Any CPU = Debug|Any CPU
		Release|Any CPU = Release|Any CPU
	EndGlobalSection
	GlobalSection(ProjectConfigurationPlatforms) = postSolution
		{5A02CF92-8727-41BD-86BD-BEA45AB473D7}.Debug|Any CPU.ActiveCfg = Debug|Any CPU
		{5A02CF92-8727-41BD-86BD-BEA45AB473D7}.Debug|Any CPU.Build.0 = Debug|Any CPU
		{5A02CF92-8727-41BD-86BD-BEA45AB473D7}.Release|Any CPU.ActiveCfg = Release|Any CPU
		{5A02CF92-8727-41BD-86BD-BEA45AB473D7}.Release|Any CPU.Build.0 = Release|Any CPU
	EndGlobalSection
	GlobalSection(SolutionProperties) = preSolution
		HideSolutionNode = FALSE
	EndGlobalSection
	GlobalSection(ExtensibilityGlobals) = postSolution
		SolutionGuid = {1E61C0B4-6D56-44B5-BFB3-46AD9AF61F55}
	EndGlobalSection
EndGlobal
